
Microsoft Visual Studio Solution File, Format Version 12.00
# Visual Studio Version 17
VisualStudioVersion = 17.2.32427.441
MinimumVisualStudioVersion = 10.0.40219.1
Project("{FAE04EC0-301F-11D3-BF4B-00C04F79EFBC}") = "PSA_MVC_V2", "PSA_MVC_V2.csproj", "{AC244255-FD62-4016-8D52-66884FFAA244}"
EndProject
Global
	GlobalSection(SolutionConfigurationPlatforms) = preSolution
		Debug|Any CPU = Debug|Any CPU
		Release|Any CPU = Release|Any CPU
	EndGlobalSection
	GlobalSection(ProjectConfigurationPlatforms) = postSolution
		{AC244255-FD62-4016-8D52-66884FFAA244}.Debug|Any CPU.ActiveCfg = Debug|Any CPU
		{AC244255-FD62-4016-8D52-66884FFAA244}.Debug|Any CPU.Build.0 = Debug|Any CPU
		{AC244255-FD62-4016-8D52-66884FFAA244}.Release|Any CPU.ActiveCfg = Release|Any CPU
		{AC244255-FD62-4016-8D52-66884FFAA244}.Release|Any CPU.Build.0 = Release|Any CPU
	EndGlobalSection
	GlobalSection(SolutionProperties) = preSolution
		HideSolutionNode = FALSE
	EndGlobalSection
	GlobalSection(ExtensibilityGlobals) = postSolution
		SolutionGuid = {2F7F5CDA-D7E6-4AD6-B9D7-63C4E088D9FE}
	EndGlobalSection
EndGlobal
